
Microsoft Visual Studio Solution File, Format Version 12.00
# Visual Studio Version 17
VisualStudioVersion = 17.14.36414.22 d17.14
MinimumVisualStudioVersion = 10.0.40219.1
Project("{FAE04EC0-301F-11D3-BF4B-00C04F79EFBC}") = "cloudhw-BE", "cloudhw-BE.csproj", "{7450AC45-A36A-444F-92EA-0A0319F7C7F1}"
EndProject
Global
	GlobalSection(SolutionConfigurationPlatforms) = preSolution
		Debug|Any CPU = Debug|Any CPU
		Release|Any CPU = Release|Any CPU
	EndGlobalSection
	GlobalSection(ProjectConfigurationPlatforms) = postSolution
		{7450AC45-A36A-444F-92EA-0A0319F7C7F1}.Debug|Any CPU.ActiveCfg = Debug|Any CPU
		{7450AC45-A36A-444F-92EA-0A0319F7C7F1}.Debug|Any CPU.Build.0 = Debug|Any CPU
		{7450AC45-A36A-444F-92EA-0A0319F7C7F1}.Release|Any CPU.ActiveCfg = Release|Any CPU
		{7450AC45-A36A-444F-92EA-0A0319F7C7F1}.Release|Any CPU.Build.0 = Release|Any CPU
	EndGlobalSection
	GlobalSection(SolutionProperties) = preSolution
		HideSolutionNode = FALSE
	EndGlobalSection
	GlobalSection(ExtensibilityGlobals) = postSolution
		SolutionGuid = {7F06DD36-EF5E-4E41-9A3D-43E247674EB2}
	EndGlobalSection
EndGlobal
